
Microsoft Visual Studio Solution File, Format Version 11.00
# Visual Studio 2010
Project("{FAE04EC0-301F-11D3-BF4B-00C04F79EFBC}") = "zasz.me", "zasz.me\zasz.me.csproj", "{B652A23D-604D-40F7-9D13-984EEAD99B68}"
EndProject
Project("{FAE04EC0-301F-11D3-BF4B-00C04F79EFBC}") = "zasz.health", "zasz.health\zasz.health.csproj", "{AC97B18E-27FE-4B35-B757-3E361D073839}"
EndProject
Project("{2150E333-8FDC-42A3-9474-1A3956D46DE8}") = "Solution Items", "Solution Items", "{28CD5063-E426-4DA9-A077-B2BB25BDF407}"
	ProjectSection(SolutionItems) = preProject
		Local.testsettings = Local.testsettings
		zasz.me.vsmdi = zasz.me.vsmdi
	EndProjectSection
EndProject
Project("{FAE04EC0-301F-11D3-BF4B-00C04F79EFBC}") = "zasz.develop", "zasz.develop\zasz.develop.csproj", "{1F3066B6-6786-42F4-95A3-34EC0AD183B7}"
EndProject
Global
	GlobalSection(TestCaseManagementSettings) = postSolution
		CategoryFile = zasz.me.vsmdi
	EndGlobalSection
	GlobalSection(SolutionConfigurationPlatforms) = preSolution
		Debug|Any CPU = Debug|Any CPU
		Debug|Mixed Platforms = Debug|Mixed Platforms
		Debug|x86 = Debug|x86
		Release|Any CPU = Release|Any CPU
		Release|Mixed Platforms = Release|Mixed Platforms
		Release|x86 = Release|x86
	EndGlobalSection
	GlobalSection(ProjectConfigurationPlatforms) = postSolution
		{B652A23D-604D-40F7-9D13-984EEAD99B68}.Debug|Any CPU.ActiveCfg = Debug|Any CPU
		{B652A23D-604D-40F7-9D13-984EEAD99B68}.Debug|Any CPU.Build.0 = Debug|Any CPU
		{B652A23D-604D-40F7-9D13-984EEAD99B68}.Debug|Mixed Platforms.ActiveCfg = Debug|Any CPU
		{B652A23D-604D-40F7-9D13-984EEAD99B68}.Debug|Mixed Platforms.Build.0 = Debug|Any CPU
		{B652A23D-604D-40F7-9D13-984EEAD99B68}.Debug|x86.ActiveCfg = Debug|Any CPU
		{B652A23D-604D-40F7-9D13-984EEAD99B68}.Release|Any CPU.ActiveCfg = Release|Any CPU
		{B652A23D-604D-40F7-9D13-984EEAD99B68}.Release|Any CPU.Build.0 = Release|Any CPU
		{B652A23D-604D-40F7-9D13-984EEAD99B68}.Release|Mixed Platforms.ActiveCfg = Release|Any CPU
		{B652A23D-604D-40F7-9D13-984EEAD99B68}.Release|Mixed Platforms.Build.0 = Release|Any CPU
		{B652A23D-604D-40F7-9D13-984EEAD99B68}.Release|x86.ActiveCfg = Release|Any CPU
		{AC97B18E-27FE-4B35-B757-3E361D073839}.Debug|Any CPU.ActiveCfg = Debug|Any CPU
		{AC97B18E-27FE-4B35-B757-3E361D073839}.Debug|Any CPU.Build.0 = Debug|Any CPU
		{AC97B18E-27FE-4B35-B757-3E361D073839}.Debug|Mixed Platforms.ActiveCfg = Debug|Any CPU
		{AC97B18E-27FE-4B35-B757-3E361D073839}.Debug|Mixed Platforms.Build.0 = Debug|Any CPU
		{AC97B18E-27FE-4B35-B757-3E361D073839}.Debug|x86.ActiveCfg = Debug|Any CPU
		{AC97B18E-27FE-4B35-B757-3E361D073839}.Release|Any CPU.ActiveCfg = Release|Any CPU
		{AC97B18E-27FE-4B35-B757-3E361D073839}.Release|Any CPU.Build.0 = Release|Any CPU
		{AC97B18E-27FE-4B35-B757-3E361D073839}.Release|Mixed Platforms.ActiveCfg = Release|Any CPU
		{AC97B18E-27FE-4B35-B757-3E361D073839}.Release|Mixed Platforms.Build.0 = Release|Any CPU
		{AC97B18E-27FE-4B35-B757-3E361D073839}.Release|x86.ActiveCfg = Release|Any CPU
		{1F3066B6-6786-42F4-95A3-34EC0AD183B7}.Debug|Any CPU.ActiveCfg = Debug|x86
		{1F3066B6-6786-42F4-95A3-34EC0AD183B7}.Debug|Any CPU.Build.0 = Debug|x86
		{1F3066B6-6786-42F4-95A3-34EC0AD183B7}.Debug|Mixed Platforms.ActiveCfg = Debug|x86
		{1F3066B6-6786-42F4-95A3-34EC0AD183B7}.Debug|Mixed Platforms.Build.0 = Debug|x86
		{1F3066B6-6786-42F4-95A3-34EC0AD183B7}.Debug|x86.ActiveCfg = Debug|x86
		{1F3066B6-6786-42F4-95A3-34EC0AD183B7}.Debug|x86.Build.0 = Debug|x86
		{1F3066B6-6786-42F4-95A3-34EC0AD183B7}.Release|Any CPU.ActiveCfg = Release|x86
		{1F3066B6-6786-42F4-95A3-34EC0AD183B7}.Release|Any CPU.Build.0 = Release|x86
		{1F3066B6-6786-42F4-95A3-34EC0AD183B7}.Release|Mixed Platforms.ActiveCfg = Release|x86
		{1F3066B6-6786-42F4-95A3-34EC0AD183B7}.Release|Mixed Platforms.Build.0 = Release|x86
		{1F3066B6-6786-42F4-95A3-34EC0AD183B7}.Release|x86.ActiveCfg = Release|x86
		{1F3066B6-6786-42F4-95A3-34EC0AD183B7}.Release|x86.Build.0 = Release|x86
	EndGlobalSection
	GlobalSection(SolutionProperties) = preSolution
		HideSolutionNode = FALSE
	EndGlobalSection
	GlobalSection(ExtensibilityGlobals) = postSolution
		EnterpriseLibraryConfigurationToolBinariesPath = packages\Unity.2.1.505.0\lib\NET35
	EndGlobalSection
EndGlobal
