
Microsoft Visual Studio Solution File, Format Version 12.00
# Visual Studio 2012
Project("{FAE04EC0-301F-11D3-BF4B-00C04F79EFBC}") = "zasz.me", "zasz.me\zasz.me.csproj", "{B652A23D-604D-40F7-9D13-984EEAD99B68}"
EndProject
Project("{FAE04EC0-301F-11D3-BF4B-00C04F79EFBC}") = "zasz.health", "zasz.health\zasz.health.csproj", "{AC97B18E-27FE-4B35-B757-3E361D073839}"
EndProject
Global
	GlobalSection(SolutionConfigurationPlatforms) = preSolution
		Dev|Any CPU = Dev|Any CPU
		Server|Any CPU = Server|Any CPU
	EndGlobalSection
	GlobalSection(ProjectConfigurationPlatforms) = postSolution
		{B652A23D-604D-40F7-9D13-984EEAD99B68}.Dev|Any CPU.ActiveCfg = Dev|Any CPU
		{B652A23D-604D-40F7-9D13-984EEAD99B68}.Dev|Any CPU.Build.0 = Dev|Any CPU
		{B652A23D-604D-40F7-9D13-984EEAD99B68}.Server|Any CPU.ActiveCfg = Server|Any CPU
		{B652A23D-604D-40F7-9D13-984EEAD99B68}.Server|Any CPU.Build.0 = Server|Any CPU
		{AC97B18E-27FE-4B35-B757-3E361D073839}.Dev|Any CPU.ActiveCfg = Dev|Any CPU
		{AC97B18E-27FE-4B35-B757-3E361D073839}.Dev|Any CPU.Build.0 = Dev|Any CPU
		{AC97B18E-27FE-4B35-B757-3E361D073839}.Server|Any CPU.ActiveCfg = Dev|Any CPU
	EndGlobalSection
	GlobalSection(SolutionProperties) = preSolution
		HideSolutionNode = FALSE
	EndGlobalSection
	GlobalSection(ExtensibilityGlobals) = postSolution
		EnterpriseLibraryConfigurationToolBinariesPath = packages\Unity.2.1.505.0\lib\NET35
	EndGlobalSection
EndGlobal
